github.com/thorsphere/lpstats v1.6.0 h1:DCagCuEjPiU53ZaFsrXhnpAkRaPE+PYd6gPIynMDKvU=
github.com/thorsphere/lpstats v1.6.0/go.mod h1:csdPChhSzBYMtDyS05+q06YCud1wvWQSWxWhkYsOidY=
github.com/thorsphere/tserr v1.21.0 h1:rm9SQEmkiVPHDXYgRla8qUBFdDcrryvu2YczIYnbuXU=
github.com/thorsphere/tserr v1.21.0/go.mod h1:yv3y4d0WwGHyBX7I3sWEovFilDU/pIksvSg5tYbuRD8=
github.com/thorsphere/tsfio v1.9.0 h1:3XkQVhfQBBYQq3kbpbY5I6GR0HxSAa/1NCEcSV9p854=
github.com/thorsphere/tsfio v1.9.0/go.mod h1:BC+z8MPZI/pUaeIJJi+kE4AfKWHKCWub2nYVQCTTDbg=
github.com/thorsphere/tstable v1.3.0 h1:q5LujmkbXW3Ei8IXD/CNwz3MAj1fRQ7oDbmTjMmaA4A=
github.com/thorsphere/tstable v1.3.0/go.mod h1:QgGVbnAIcbBBaadlIoK22KL67Pd59oDEGDz6xkx0ERY=
