github.com/thorsphere/lpstats v1.5.2 h1:4GANIrm/u4HKj1m0UhoUqEKDkW24KBngRb1k+2y/L9k=
github.com/thorsphere/lpstats v1.5.2/go.mod h1:axn/hL7u+DW84x7dsExRceP6qb5y1l0aoemArrKBEuM=
github.com/thorsphere/lpstats v1.5.4 h1:fdyCy9ERg8nCF3s+7N7MyVJQWahRcbU6eeOA1a8RlmE=
github.com/thorsphere/lpstats v1.5.4/go.mod h1:38ZHBsLNmXnlpWZJ93Q9Fs6uSWZVS6Ox0VKProIER8Q=
github.com/thorsphere/tserr v1.20.1 h1:DrtZWqBcMDryMuG5yHbJrnvrDuBocBLDftH8i3CAS5M=
github.com/thorsphere/tserr v1.20.1/go.mod h1:779lF6yFY5MXuJFpRqdBoTYLJTrxXx8yiwEDAsRN1sI=
github.com/thorsphere/tserr v1.20.4 h1:iZSFCFmj3otrWOVeT2amjmOu5temt+zCkTDzObz3bKw=
github.com/thorsphere/tserr v1.20.4/go.mod h1:779lF6yFY5MXuJFpRqdBoTYLJTrxXx8yiwEDAsRN1sI=
github.com/thorsphere/tsfio v1.8.0 h1:KduF7Tqw1mJZ4LLcmXYNvo6iwijSEN2r33hWnN1O/KY=
github.com/thorsphere/tsfio v1.8.0/go.mod h1:KM157WLnfi0ffkR6c4P5vSvovqcRgmqXRkcbwnYGzPw=
github.com/thorsphere/tsfio v1.8.1 h1:ZcQS8U/M3cndY7uivCm0nz7UOFnrIK3GztNCHKSCAhA=
github.com/thorsphere/tsfio v1.8.1/go.mod h1:Ace1h2XgMA2kz4Q0OKOS7Khc++muRQjFXueqYexKdqw=
github.com/thorsphere/tstable v1.2.0 h1:LpNd6OrjrTO1qEybPOE0ZtKZgpadl0ttVbDLO/aVaZ4=
github.com/thorsphere/tstable v1.2.0/go.mod h1:4emAIb+xD100F2bjwDnU3uexxWzPnW+cYFzgf81GQDA=
github.com/thorsphere/tstable v1.2.2 h1:MIvLVAo1mZk9Vw1Iz9YWVco7WqOeQEsp6qUctm5DrAo=
github.com/thorsphere/tstable v1.2.2/go.mod h1:fQ4POZhZG487/4Fi6UF99brMp/ueaMWM01nfuOhMmgk=
